
Microsoft Visual Studio Solution File, Format Version 12.00
# Visual Studio Version 17
VisualStudioVersion = 17.9.34622.214
MinimumVisualStudioVersion = 10.0.40219.1
Project("{FAE04EC0-301F-11D3-BF4B-00C04F79EFBC}") = "OnlineShop", "OnlineShop\OnlineShop.csproj", "{A8C22B11-D51F-4FCD-9A1C-6482A13B45E7}"
EndProject
Global
	GlobalSection(SolutionConfigurationPlatforms) = preSolution
		Debug|Any CPU = Debug|Any CPU
		Release|Any CPU = Release|Any CPU
	EndGlobalSection
	GlobalSection(ProjectConfigurationPlatforms) = postSolution
		{A8C22B11-D51F-4FCD-9A1C-6482A13B45E7}.Debug|Any CPU.ActiveCfg = Debug|Any CPU
		{A8C22B11-D51F-4FCD-9A1C-6482A13B45E7}.Debug|Any CPU.Build.0 = Debug|Any CPU
		{A8C22B11-D51F-4FCD-9A1C-6482A13B45E7}.Release|Any CPU.ActiveCfg = Release|Any CPU
		{A8C22B11-D51F-4FCD-9A1C-6482A13B45E7}.Release|Any CPU.Build.0 = Release|Any CPU
	EndGlobalSection
	GlobalSection(SolutionProperties) = preSolution
		HideSolutionNode = FALSE
	EndGlobalSection
	GlobalSection(ExtensibilityGlobals) = postSolution
		SolutionGuid = {1582EC68-8313-4A38-BADB-8EAB6FA96CD0}
	EndGlobalSection
EndGlobal
